{
  "name": "Music Library",
  "lockfileVersion": 2,
  "requires": true,
  "packages": {
    "": {
      "dependencies": {
        "@solidjs/router": "^0.5.1"
      }
    },
    "node_modules/@solidjs/router": {
      "version": "0.5.1",
      "resolved": "https://registry.npmjs.org/@solidjs/router/-/router-0.5.1.tgz",
      "integrity": "sha512-igyrwUqm/9T26Lb6l7oXwpc4lLUVqbhbN92wOL3NgLoLVmkQlUNTZciuAe+Su8XeJXlrWjl6oxDJDLt+6pws/g==",
      "peerDependencies": {
        "solid-js": "^1.5.3"
      }
    },
    "node_modules/csstype": {
      "version": "3.1.1",
      "resolved": "https://registry.npmjs.org/csstype/-/csstype-3.1.1.tgz",
      "integrity": "sha512-DJR/VvkAvSZW9bTouZue2sSxDwdTN92uHjqeKVm+0dAqdfNykRzQ95tay8aXMBAAPpUiq4Qcug2L7neoRh2Egw==",
      "peer": true
    },
    "node_modules/solid-js": {
      "version": "1.6.5",
      "resolved": "https://registry.npmjs.org/solid-js/-/solid-js-1.6.5.tgz",
      "integrity": "sha512-q1/wIIRmrWltNnP3PW/e29eRWCC24hX5amBiOXomw2kDiM6JZZ10l+chK/Oi/6ipwUxeabYl5YD2lJOObY9heA==",
      "peer": true,
      "dependencies": {
        "csstype": "^3.1.0"
      }
    }
  },
  "dependencies": {
    "@solidjs/router": {
      "version": "0.5.1",
      "resolved": "https://registry.npmjs.org/@solidjs/router/-/router-0.5.1.tgz",
      "integrity": "sha512-igyrwUqm/9T26Lb6l7oXwpc4lLUVqbhbN92wOL3NgLoLVmkQlUNTZciuAe+Su8XeJXlrWjl6oxDJDLt+6pws/g==",
      "requires": {}
    },
    "csstype": {
      "version": "3.1.1",
      "resolved": "https://registry.npmjs.org/csstype/-/csstype-3.1.1.tgz",
      "integrity": "sha512-DJR/VvkAvSZW9bTouZue2sSxDwdTN92uHjqeKVm+0dAqdfNykRzQ95tay8aXMBAAPpUiq4Qcug2L7neoRh2Egw==",
      "peer": true
    },
    "solid-js": {
      "version": "1.6.5",
      "resolved": "https://registry.npmjs.org/solid-js/-/solid-js-1.6.5.tgz",
      "integrity": "sha512-q1/wIIRmrWltNnP3PW/e29eRWCC24hX5amBiOXomw2kDiM6JZZ10l+chK/Oi/6ipwUxeabYl5YD2lJOObY9heA==",
      "peer": true,
      "requires": {
        "csstype": "^3.1.0"
      }
    }
  }
}
